
Microsoft Visual Studio Solution File, Format Version 12.00
# Visual Studio Version 16
VisualStudioVersion = 16.0.31402.337
MinimumVisualStudioVersion = 10.0.40219.1
Project("{FAE04EC0-301F-11D3-BF4B-00C04F79EFBC}") = "my-books", "my-books\my-books.csproj", "{3B10A780-4AA6-45E3-A27E-84EB8C521836}"
EndProject
Global
	GlobalSection(SolutionConfigurationPlatforms) = preSolution
		Debug|Any CPU = Debug|Any CPU
		Release|Any CPU = Release|Any CPU
	EndGlobalSection
	GlobalSection(ProjectConfigurationPlatforms) = postSolution
		{3B10A780-4AA6-45E3-A27E-84EB8C521836}.Debug|Any CPU.ActiveCfg = Debug|Any CPU
		{3B10A780-4AA6-45E3-A27E-84EB8C521836}.Debug|Any CPU.Build.0 = Debug|Any CPU
		{3B10A780-4AA6-45E3-A27E-84EB8C521836}.Release|Any CPU.ActiveCfg = Release|Any CPU
		{3B10A780-4AA6-45E3-A27E-84EB8C521836}.Release|Any CPU.Build.0 = Release|Any CPU
	EndGlobalSection
	GlobalSection(SolutionProperties) = preSolution
		HideSolutionNode = FALSE
	EndGlobalSection
	GlobalSection(ExtensibilityGlobals) = postSolution
		SolutionGuid = {D782A34F-8206-4ED6-9528-A02A62F06E39}
	EndGlobalSection
EndGlobal
